// !$*UTF8*$!
{
	archiveVersion = 1;
	classes = {
	};
	objectVersion = 46;
	objects = {

/* Begin PBXBuildFile section */
		65175D0119E8D174001270A3 /* bart.png in Resources */ = {isa = PBXBuildFile; fileRef = 65175CFA19E8D174001270A3 /* bart.png */; };
		65175D0219E8D174001270A3 /* bobo.png in Resources */ = {isa = PBXBuildFile; fileRef = 65175CFB19E8D174001270A3 /* bobo.png */; };
		65175D0319E8D174001270A3 /* homer.png in Resources */ = {isa = PBXBuildFile; fileRef = 65175CFC19E8D174001270A3 /* homer.png */; };
		65175D0419E8D174001270A3 /* lisa.png in Resources */ = {isa = PBXBuildFile; fileRef = 65175CFD19E8D174001270A3 /* lisa.png */; };
		65175D0519E8D174001270A3 /* marge.png in Resources */ = {isa = PBXBuildFile; fileRef = 65175CFE19E8D174001270A3 /* marge.png */; };
		65175D0619E8D174001270A3 /* ruprecht.png in Resources */ = {isa = PBXBuildFile; fileRef = 65175CFF19E8D174001270A3 /* ruprecht.png */; };
		65175D0719E8D174001270A3 /* scully.png in Resources */ = {isa = PBXBuildFile; fileRef = 65175D0019E8D174001270A3 /* scully.png */; };
		DADC8C6219E4F82D0071F3A3 /* main.m in Sources */ = {isa = PBXBuildFile; fileRef = DADC8C6119E4F82D0071F3A3 /* main.m */; };
		DADC8C6519E4F82D0071F3A3 /* AppDelegate.m in Sources */ = {isa = PBXBuildFile; fileRef = DADC8C6419E4F82D0071F3A3 /* AppDelegate.m */; };
		DADC8C6819E4F82D0071F3A3 /* WelcomeVC.m in Sources */ = {isa = PBXBuildFile; fileRef = DADC8C6719E4F82D0071F3A3 /* WelcomeVC.m */; };
		DADC8C6B19E4F82D0071F3A3 /* Main.storyboard in Resources */ = {isa = PBXBuildFile; fileRef = DADC8C6919E4F82D0071F3A3 /* Main.storyboard */; };
		DADC8C6D19E4F82D0071F3A3 /* Images.xcassets in Resources */ = {isa = PBXBuildFile; fileRef = DADC8C6C19E4F82D0071F3A3 /* Images.xcassets */; };
		DADC8C7019E4F82D0071F3A3 /* LaunchScreen.xib in Resources */ = {isa = PBXBuildFile; fileRef = DADC8C6E19E4F82D0071F3A3 /* LaunchScreen.xib */; };
		DADC8C7C19E4F82D0071F3A3 /* SecondAppTests.m in Sources */ = {isa = PBXBuildFile; fileRef = DADC8C7B19E4F82D0071F3A3 /* SecondAppTests.m */; };
		DADC8C8619E50C870071F3A3 /* InitialImage.jpg in Resources */ = {isa = PBXBuildFile; fileRef = DADC8C8519E50C870071F3A3 /* InitialImage.jpg */; };
		DADC8C8919E513480071F3A3 /* map90.png in Resources */ = {isa = PBXBuildFile; fileRef = DADC8C8719E513480071F3A3 /* map90.png */; };
		DADC8C8A19E513480071F3A3 /* user146.png in Resources */ = {isa = PBXBuildFile; fileRef = DADC8C8819E513480071F3A3 /* user146.png */; };
		DADC8C9019E5158C0071F3A3 /* left163.png in Resources */ = {isa = PBXBuildFile; fileRef = DADC8C8C19E5158C0071F3A3 /* left163.png */; };
		DADC8C9119E5158C0071F3A3 /* map90.png in Resources */ = {isa = PBXBuildFile; fileRef = DADC8C8D19E5158C0071F3A3 /* map90.png */; };
		DADC8C9219E5158C0071F3A3 /* right164.png in Resources */ = {isa = PBXBuildFile; fileRef = DADC8C8E19E5158C0071F3A3 /* right164.png */; };
		DADC8C9319E5158C0071F3A3 /* user146.png in Resources */ = {isa = PBXBuildFile; fileRef = DADC8C8F19E5158C0071F3A3 /* user146.png */; };
		DADC8C9619E63E1D0071F3A3 /* PlacesVC.m in Sources */ = {isa = PBXBuildFile; fileRef = DADC8C9519E63E1D0071F3A3 /* PlacesVC.m */; };
		DADC8C9B19E63EFC0071F3A3 /* PlacesViewCell.m in Sources */ = {isa = PBXBuildFile; fileRef = DADC8C9A19E63EFC0071F3A3 /* PlacesViewCell.m */; };
		DADC8C9E19E642D00071F3A3 /* FriendsViewCell.m in Sources */ = {isa = PBXBuildFile; fileRef = DADC8C9D19E642D00071F3A3 /* FriendsViewCell.m */; };
		DADC8CA119E6463C0071F3A3 /* FriendsVC.m in Sources */ = {isa = PBXBuildFile; fileRef = DADC8CA019E6463C0071F3A3 /* FriendsVC.m */; };
		DADC8CAB19E676F20071F3A3 /* Baja_California_Sur.png in Resources */ = {isa = PBXBuildFile; fileRef = DADC8CA319E676F20071F3A3 /* Baja_California_Sur.png */; };
		DADC8CAC19E676F20071F3A3 /* Chiapas.png in Resources */ = {isa = PBXBuildFile; fileRef = DADC8CA419E676F20071F3A3 /* Chiapas.png */; };
		DADC8CAD19E676F20071F3A3 /* Guadalajara.png in Resources */ = {isa = PBXBuildFile; fileRef = DADC8CA519E676F20071F3A3 /* Guadalajara.png */; };
		DADC8CAE19E676F20071F3A3 /* Michoacan.png in Resources */ = {isa = PBXBuildFile; fileRef = DADC8CA619E676F20071F3A3 /* Michoacan.png */; };
		DADC8CAF19E676F20071F3A3 /* Nuevo_Leon.png in Resources */ = {isa = PBXBuildFile; fileRef = DADC8CA719E676F20071F3A3 /* Nuevo_Leon.png */; };
		DADC8CB019E676F20071F3A3 /* Quintana_Roo.png in Resources */ = {isa = PBXBuildFile; fileRef = DADC8CA819E676F20071F3A3 /* Quintana_Roo.png */; };
		DADC8CB119E676F20071F3A3 /* Sinaloa.png in Resources */ = {isa = PBXBuildFile; fileRef = DADC8CA919E676F20071F3A3 /* Sinaloa.png */; };
		DADC8CB219E676F20071F3A3 /* Veracruz.png in Resources */ = {isa = PBXBuildFile; fileRef = DADC8CAA19E676F20071F3A3 /* Veracruz.png */; };
/* End PBXBuildFile section */

/* Begin PBXContainerItemProxy section */
		DADC8C7619E4F82D0071F3A3 /* PBXContainerItemProxy */ = {
			isa = PBXContainerItemProxy;
			containerPortal = DADC8C5419E4F82D0071F3A3 /* Project object */;
			proxyType = 1;
			remoteGlobalIDString = DADC8C5B19E4F82D0071F3A3;
			remoteInfo = SecondApp;
		};
/* End PBXContainerItemProxy section */

/* Begin PBXFileReference section */
		65175CFA19E8D174001270A3 /* bart.png */ = {isa = PBXFileReference; lastKnownFileType = image.png; path = bart.png; sourceTree = "<group>"; };
		65175CFB19E8D174001270A3 /* bobo.png */ = {isa = PBXFileReference; lastKnownFileType = image.png; path = bobo.png; sourceTree = "<group>"; };
		65175CFC19E8D174001270A3 /* homer.png */ = {isa = PBXFileReference; lastKnownFileType = image.png; path = homer.png; sourceTree = "<group>"; };
		65175CFD19E8D174001270A3 /* lisa.png */ = {isa = PBXFileReference; lastKnownFileType = image.png; path = lisa.png; sourceTree = "<group>"; };
		65175CFE19E8D174001270A3 /* marge.png */ = {isa = PBXFileReference; lastKnownFileType = image.png; path = marge.png; sourceTree = "<group>"; };
		65175CFF19E8D174001270A3 /* ruprecht.png */ = {isa = PBXFileReference; lastKnownFileType = image.png; path = ruprecht.png; sourceTree = "<group>"; };
		65175D0019E8D174001270A3 /* scully.png */ = {isa = PBXFileReference; lastKnownFileType = image.png; path = scully.png; sourceTree = "<group>"; };
		DADC8C5C19E4F82D0071F3A3 /* SecondApp.app */ = {isa = PBXFileReference; explicitFileType = wrapper.application; includeInIndex = 0; path = SecondApp.app; sourceTree = BUILT_PRODUCTS_DIR; };
		DADC8C6019E4F82D0071F3A3 /* Info.plist */ = {isa = PBXFileReference; lastKnownFileType = text.plist.xml; path = Info.plist; sourceTree = "<group>"; };
		DADC8C6119E4F82D0071F3A3 /* main.m */ = {isa = PBXFileReference; lastKnownFileType = sourcecode.c.objc; path = main.m; sourceTree = "<group>"; };
		DADC8C6319E4F82D0071F3A3 /* AppDelegate.h */ = {isa = PBXFileReference; lastKnownFileType = sourcecode.c.h; path = AppDelegate.h; sourceTree = "<group>"; };
		DADC8C6419E4F82D0071F3A3 /* AppDelegate.m */ = {isa = PBXFileReference; lastKnownFileType = sourcecode.c.objc; path = AppDelegate.m; sourceTree = "<group>"; };
		DADC8C6619E4F82D0071F3A3 /* WelcomeVC.h */ = {isa = PBXFileReference; lastKnownFileType = sourcecode.c.h; path = WelcomeVC.h; sourceTree = "<group>"; };
		DADC8C6719E4F82D0071F3A3 /* WelcomeVC.m */ = {isa = PBXFileReference; lastKnownFileType = sourcecode.c.objc; path = WelcomeVC.m; sourceTree = "<group>"; };
		DADC8C6A19E4F82D0071F3A3 /* Base */ = {isa = PBXFileReference; lastKnownFileType = file.storyboard; name = Base; path = Base.lproj/Main.storyboard; sourceTree = "<group>"; };
		DADC8C6C19E4F82D0071F3A3 /* Images.xcassets */ = {isa = PBXFileReference; lastKnownFileType = folder.assetcatalog; path = Images.xcassets; sourceTree = "<group>"; };
		DADC8C6F19E4F82D0071F3A3 /* Base */ = {isa = PBXFileReference; lastKnownFileType = file.xib; name = Base; path = Base.lproj/LaunchScreen.xib; sourceTree = "<group>"; };
		DADC8C7519E4F82D0071F3A3 /* SecondAppTests.xctest */ = {isa = PBXFileReference; explicitFileType = wrapper.cfbundle; includeInIndex = 0; path = SecondAppTests.xctest; sourceTree = BUILT_PRODUCTS_DIR; };
		DADC8C7A19E4F82D0071F3A3 /* Info.plist */ = {isa = PBXFileReference; lastKnownFileType = text.plist.xml; path = Info.plist; sourceTree = "<group>"; };
		DADC8C7B19E4F82D0071F3A3 /* SecondAppTests.m */ = {isa = PBXFileReference; lastKnownFileType = sourcecode.c.objc; path = SecondAppTests.m; sourceTree = "<group>"; };
		DADC8C8519E50C870071F3A3 /* InitialImage.jpg */ = {isa = PBXFileReference; lastKnownFileType = image.jpeg; path = InitialImage.jpg; sourceTree = "<group>"; };
		DADC8C8719E513480071F3A3 /* map90.png */ = {isa = PBXFileReference; lastKnownFileType = image.png; path = map90.png; sourceTree = "<group>"; };
		DADC8C8819E513480071F3A3 /* user146.png */ = {isa = PBXFileReference; lastKnownFileType = image.png; path = user146.png; sourceTree = "<group>"; };
		DADC8C8C19E5158C0071F3A3 /* left163.png */ = {isa = PBXFileReference; lastKnownFileType = image.png; path = left163.png; sourceTree = "<group>"; };
		DADC8C8D19E5158C0071F3A3 /* map90.png */ = {isa = PBXFileReference; lastKnownFileType = image.png; path = map90.png; sourceTree = "<group>"; };
		DADC8C8E19E5158C0071F3A3 /* right164.png */ = {isa = PBXFileReference; lastKnownFileType = image.png; path = right164.png; sourceTree = "<group>"; };
		DADC8C8F19E5158C0071F3A3 /* user146.png */ = {isa = PBXFileReference; lastKnownFileType = image.png; path = user146.png; sourceTree = "<group>"; };
		DADC8C9419E63E1D0071F3A3 /* PlacesVC.h */ = {isa = PBXFileReference; fileEncoding = 4; lastKnownFileType = sourcecode.c.h; path = PlacesVC.h; sourceTree = "<group>"; };
		DADC8C9519E63E1D0071F3A3 /* PlacesVC.m */ = {isa = PBXFileReference; fileEncoding = 4; lastKnownFileType = sourcecode.c.objc; path = PlacesVC.m; sourceTree = "<group>"; };
		DADC8C9919E63EFC0071F3A3 /* PlacesViewCell.h */ = {isa = PBXFileReference; fileEncoding = 4; lastKnownFileType = sourcecode.c.h; path = PlacesViewCell.h; sourceTree = "<group>"; };
		DADC8C9A19E63EFC0071F3A3 /* PlacesViewCell.m */ = {isa = PBXFileReference; fileEncoding = 4; lastKnownFileType = sourcecode.c.objc; path = PlacesViewCell.m; sourceTree = "<group>"; };
		DADC8C9C19E642D00071F3A3 /* FriendsViewCell.h */ = {isa = PBXFileReference; fileEncoding = 4; lastKnownFileType = sourcecode.c.h; path = FriendsViewCell.h; sourceTree = "<group>"; };
		DADC8C9D19E642D00071F3A3 /* FriendsViewCell.m */ = {isa = PBXFileReference; fileEncoding = 4; lastKnownFileType = sourcecode.c.objc; path = FriendsViewCell.m; sourceTree = "<group>"; };
		DADC8C9F19E6463C0071F3A3 /* FriendsVC.h */ = {isa = PBXFileReference; fileEncoding = 4; lastKnownFileType = sourcecode.c.h; path = FriendsVC.h; sourceTree = "<group>"; };
		DADC8CA019E6463C0071F3A3 /* FriendsVC.m */ = {isa = PBXFileReference; fileEncoding = 4; lastKnownFileType = sourcecode.c.objc; path = FriendsVC.m; sourceTree = "<group>"; };
		DADC8CA319E676F20071F3A3 /* Baja_California_Sur.png */ = {isa = PBXFileReference; lastKnownFileType = image.png; path = Baja_California_Sur.png; sourceTree = "<group>"; };
		DADC8CA419E676F20071F3A3 /* Chiapas.png */ = {isa = PBXFileReference; lastKnownFileType = image.png; path = Chiapas.png; sourceTree = "<group>"; };
		DADC8CA519E676F20071F3A3 /* Guadalajara.png */ = {isa = PBXFileReference; lastKnownFileType = image.png; path = Guadalajara.png; sourceTree = "<group>"; };
		DADC8CA619E676F20071F3A3 /* Michoacan.png */ = {isa = PBXFileReference; lastKnownFileType = image.png; path = Michoacan.png; sourceTree = "<group>"; };
		DADC8CA719E676F20071F3A3 /* Nuevo_Leon.png */ = {isa = PBXFileReference; lastKnownFileType = image.png; path = Nuevo_Leon.png; sourceTree = "<group>"; };
		DADC8CA819E676F20071F3A3 /* Quintana_Roo.png */ = {isa = PBXFileReference; lastKnownFileType = image.png; path = Quintana_Roo.png; sourceTree = "<group>"; };
		DADC8CA919E676F20071F3A3 /* Sinaloa.png */ = {isa = PBXFileReference; lastKnownFileType = image.png; path = Sinaloa.png; sourceTree = "<group>"; };
		DADC8CAA19E676F20071F3A3 /* Veracruz.png */ = {isa = PBXFileReference; lastKnownFileType = image.png; path = Veracruz.png; sourceTree = "<group>"; };
/* End PBXFileReference section */

/* Begin PBXFrameworksBuildPhase section */
		DADC8C5919E4F82D0071F3A3 /* Frameworks */ = {
			isa = PBXFrameworksBuildPhase;
			buildActionMask = 2147483647;
			files = (
			);
			runOnlyForDeploymentPostprocessing = 0;
		};
		DADC8C7219E4F82D0071F3A3 /* Frameworks */ = {
			isa = PBXFrameworksBuildPhase;
			buildActionMask = 2147483647;
			files = (
			);
			runOnlyForDeploymentPostprocessing = 0;
		};
/* End PBXFrameworksBuildPhase section */

/* Begin PBXGroup section */
		65175CF919E8D174001270A3 /* Friends */ = {
			isa = PBXGroup;
			children = (
				65175CFA19E8D174001270A3 /* bart.png */,
				65175CFB19E8D174001270A3 /* bobo.png */,
				65175CFC19E8D174001270A3 /* homer.png */,
				65175CFD19E8D174001270A3 /* lisa.png */,
				65175CFE19E8D174001270A3 /* marge.png */,
				65175CFF19E8D174001270A3 /* ruprecht.png */,
				65175D0019E8D174001270A3 /* scully.png */,
			);
			path = Friends;
			sourceTree = "<group>";
		};
		DADC8C5319E4F82D0071F3A3 = {
			isa = PBXGroup;
			children = (
				DADC8C5E19E4F82D0071F3A3 /* SecondApp */,
				DADC8C7819E4F82D0071F3A3 /* SecondAppTests */,
				DADC8C5D19E4F82D0071F3A3 /* Products */,
			);
			sourceTree = "<group>";
		};
		DADC8C5D19E4F82D0071F3A3 /* Products */ = {
			isa = PBXGroup;
			children = (
				DADC8C5C19E4F82D0071F3A3 /* SecondApp.app */,
				DADC8C7519E4F82D0071F3A3 /* SecondAppTests.xctest */,
			);
			name = Products;
			sourceTree = "<group>";
		};
		DADC8C5E19E4F82D0071F3A3 /* SecondApp */ = {
			isa = PBXGroup;
			children = (
				DADC8C9819E63ED30071F3A3 /* Customized */,
				DADC8C9719E63EC20071F3A3 /* ViewControllers */,
				DADC8C6319E4F82D0071F3A3 /* AppDelegate.h */,
				DADC8C6419E4F82D0071F3A3 /* AppDelegate.m */,
				DADC8C6919E4F82D0071F3A3 /* Main.storyboard */,
				DADC8C6C19E4F82D0071F3A3 /* Images.xcassets */,
				DADC8C6E19E4F82D0071F3A3 /* LaunchScreen.xib */,
				DADC8C5F19E4F82D0071F3A3 /* Supporting Files */,
			);
			path = SecondApp;
			sourceTree = "<group>";
		};
		DADC8C5F19E4F82D0071F3A3 /* Supporting Files */ = {
			isa = PBXGroup;
			children = (
				65175CF919E8D174001270A3 /* Friends */,
				DADC8CA219E676F20071F3A3 /* flags */,
				DADC8C8B19E5158C0071F3A3 /* icons */,
				DADC8C8719E513480071F3A3 /* map90.png */,
				DADC8C8819E513480071F3A3 /* user146.png */,
				DADC8C8519E50C870071F3A3 /* InitialImage.jpg */,
				DADC8C6019E4F82D0071F3A3 /* Info.plist */,
				DADC8C6119E4F82D0071F3A3 /* main.m */,
			);
			name = "Supporting Files";
			sourceTree = "<group>";
		};
		DADC8C7819E4F82D0071F3A3 /* SecondAppTests */ = {
			isa = PBXGroup;
			children = (
				DADC8C7B19E4F82D0071F3A3 /* SecondAppTests.m */,
				DADC8C7919E4F82D0071F3A3 /* Supporting Files */,
			);
			path = SecondAppTests;
			sourceTree = "<group>";
		};
		DADC8C7919E4F82D0071F3A3 /* Supporting Files */ = {
			isa = PBXGroup;
			children = (
				DADC8C7A19E4F82D0071F3A3 /* Info.plist */,
			);
			name = "Supporting Files";
			sourceTree = "<group>";
		};
		DADC8C8B19E5158C0071F3A3 /* icons */ = {
			isa = PBXGroup;
			children = (
				DADC8C8C19E5158C0071F3A3 /* left163.png */,
				DADC8C8D19E5158C0071F3A3 /* map90.png */,
				DADC8C8E19E5158C0071F3A3 /* right164.png */,
				DADC8C8F19E5158C0071F3A3 /* user146.png */,
			);
			path = icons;
			sourceTree = "<group>";
		};
		DADC8C9719E63EC20071F3A3 /* ViewControllers */ = {
			isa = PBXGroup;
			children = (
				DADC8C6619E4F82D0071F3A3 /* WelcomeVC.h */,
				DADC8C6719E4F82D0071F3A3 /* WelcomeVC.m */,
				DADC8C9419E63E1D0071F3A3 /* PlacesVC.h */,
				DADC8C9519E63E1D0071F3A3 /* PlacesVC.m */,
				DADC8C9F19E6463C0071F3A3 /* FriendsVC.h */,
				DADC8CA019E6463C0071F3A3 /* FriendsVC.m */,
			);
			name = ViewControllers;
			sourceTree = "<group>";
		};
		DADC8C9819E63ED30071F3A3 /* Customized */ = {
			isa = PBXGroup;
			children = (
				DADC8C9919E63EFC0071F3A3 /* PlacesViewCell.h */,
				DADC8C9A19E63EFC0071F3A3 /* PlacesViewCell.m */,
				DADC8C9C19E642D00071F3A3 /* FriendsViewCell.h */,
				DADC8C9D19E642D00071F3A3 /* FriendsViewCell.m */,
			);
			name = Customized;
			sourceTree = "<group>";
		};
		DADC8CA219E676F20071F3A3 /* flags */ = {
			isa = PBXGroup;
			children = (
				DADC8CA319E676F20071F3A3 /* Baja_California_Sur.png */,
				DADC8CA419E676F20071F3A3 /* Chiapas.png */,
				DADC8CA519E676F20071F3A3 /* Guadalajara.png */,
				DADC8CA619E676F20071F3A3 /* Michoacan.png */,
				DADC8CA719E676F20071F3A3 /* Nuevo_Leon.png */,
				DADC8CA819E676F20071F3A3 /* Quintana_Roo.png */,
				DADC8CA919E676F20071F3A3 /* Sinaloa.png */,
				DADC8CAA19E676F20071F3A3 /* Veracruz.png */,
			);
			path = flags;
			sourceTree = "<group>";
		};
/* End PBXGroup section */

/* Begin PBXNativeTarget section */
		DADC8C5B19E4F82D0071F3A3 /* SecondApp */ = {
			isa = PBXNativeTarget;
			buildConfigurationList = DADC8C7F19E4F82D0071F3A3 /* Build configuration list for PBXNativeTarget "SecondApp" */;
			buildPhases = (
				DADC8C5819E4F82D0071F3A3 /* Sources */,
				DADC8C5919E4F82D0071F3A3 /* Frameworks */,
				DADC8C5A19E4F82D0071F3A3 /* Resources */,
			);
			buildRules = (
			);
			dependencies = (
			);
			name = SecondApp;
			productName = SecondApp;
			productReference = DADC8C5C19E4F82D0071F3A3 /* SecondApp.app */;
			productType = "com.apple.product-type.application";
		};
		DADC8C7419E4F82D0071F3A3 /* SecondAppTests */ = {
			isa = PBXNativeTarget;
			buildConfigurationList = DADC8C8219E4F82D0071F3A3 /* Build configuration list for PBXNativeTarget "SecondAppTests" */;
			buildPhases = (
				DADC8C7119E4F82D0071F3A3 /* Sources */,
				DADC8C7219E4F82D0071F3A3 /* Frameworks */,
				DADC8C7319E4F82D0071F3A3 /* Resources */,
			);
			buildRules = (
			);
			dependencies = (
				DADC8C7719E4F82D0071F3A3 /* PBXTargetDependency */,
			);
			name = SecondAppTests;
			productName = SecondAppTests;
			productReference = DADC8C7519E4F82D0071F3A3 /* SecondAppTests.xctest */;
			productType = "com.apple.product-type.bundle.unit-test";
		};
/* End PBXNativeTarget section */

/* Begin PBXProject section */
		DADC8C5419E4F82D0071F3A3 /* Project object */ = {
			isa = PBXProject;
			attributes = {
				LastUpgradeCheck = 0600;
				ORGANIZATIONNAME = "Daniel Rodriguez";
				TargetAttributes = {
					DADC8C5B19E4F82D0071F3A3 = {
						CreatedOnToolsVersion = 6.0.1;
						DevelopmentTeam = QXF33N93KH;
					};
					DADC8C7419E4F82D0071F3A3 = {
						CreatedOnToolsVersion = 6.0.1;
						TestTargetID = DADC8C5B19E4F82D0071F3A3;
					};
				};
			};
			buildConfigurationList = DADC8C5719E4F82D0071F3A3 /* Build configuration list for PBXProject "SecondApp" */;
			compatibilityVersion = "Xcode 3.2";
			developmentRegion = English;
			hasScannedForEncodings = 0;
			knownRegions = (
				en,
				Base,
			);
			mainGroup = DADC8C5319E4F82D0071F3A3;
			productRefGroup = DADC8C5D19E4F82D0071F3A3 /* Products */;
			projectDirPath = "";
			projectRoot = "";
			targets = (
				DADC8C5B19E4F82D0071F3A3 /* SecondApp */,
				DADC8C7419E4F82D0071F3A3 /* SecondAppTests */,
			);
		};
/* End PBXProject section */

/* Begin PBXResourcesBuildPhase section */
		DADC8C5A19E4F82D0071F3A3 /* Resources */ = {
			isa = PBXResourcesBuildPhase;
			buildActionMask = 2147483647;
			files = (
				DADC8C9319E5158C0071F3A3 /* user146.png in Resources */,
				65175D0719E8D174001270A3 /* scully.png in Resources */,
				65175D0219E8D174001270A3 /* bobo.png in Resources */,
				DADC8C9219E5158C0071F3A3 /* right164.png in Resources */,
				DADC8CAD19E676F20071F3A3 /* Guadalajara.png in Resources */,
				DADC8CB019E676F20071F3A3 /* Quintana_Roo.png in Resources */,
				DADC8C8619E50C870071F3A3 /* InitialImage.jpg in Resources */,
				DADC8CAC19E676F20071F3A3 /* Chiapas.png in Resources */,
				DADC8C6B19E4F82D0071F3A3 /* Main.storyboard in Resources */,
				65175D0419E8D174001270A3 /* lisa.png in Resources */,
				DADC8C7019E4F82D0071F3A3 /* LaunchScreen.xib in Resources */,
				DADC8C9119E5158C0071F3A3 /* map90.png in Resources */,
				DADC8C9019E5158C0071F3A3 /* left163.png in Resources */,
				65175D0619E8D174001270A3 /* ruprecht.png in Resources */,
				65175D0519E8D174001270A3 /* marge.png in Resources */,
				DADC8CAF19E676F20071F3A3 /* Nuevo_Leon.png in Resources */,
				DADC8C8919E513480071F3A3 /* map90.png in Resources */,
				65175D0319E8D174001270A3 /* homer.png in Resources */,
				65175D0119E8D174001270A3 /* bart.png in Resources */,
				DADC8C8A19E513480071F3A3 /* user146.png in Resources */,
				DADC8CAE19E676F20071F3A3 /* Michoacan.png in Resources */,
				DADC8CB119E676F20071F3A3 /* Sinaloa.png in Resources */,
				DADC8CAB19E676F20071F3A3 /* Baja_California_Sur.png in Resources */,
				DADC8C6D19E4F82D0071F3A3 /* Images.xcassets in Resources */,
				DADC8CB219E676F20071F3A3 /* Veracruz.png in Resources */,
			);
			runOnlyForDeploymentPostprocessing = 0;
		};
		DADC8C7319E4F82D0071F3A3 /* Resources */ = {
			isa = PBXResourcesBuildPhase;
			buildActionMask = 2147483647;
			files = (
			);
			runOnlyForDeploymentPostprocessing = 0;
		};
/* End PBXResourcesBuildPhase section */

/* Begin PBXSourcesBuildPhase section */
		DADC8C5819E4F82D0071F3A3 /* Sources */ = {
			isa = PBXSourcesBuildPhase;
			buildActionMask = 2147483647;
			files = (
				DADC8C9E19E642D00071F3A3 /* FriendsViewCell.m in Sources */,
				DADC8C6819E4F82D0071F3A3 /* WelcomeVC.m in Sources */,
				DADC8C9B19E63EFC0071F3A3 /* PlacesViewCell.m in Sources */,
				DADC8C6519E4F82D0071F3A3 /* AppDelegate.m in Sources */,
				DADC8C9619E63E1D0071F3A3 /* PlacesVC.m in Sources */,
				DADC8C6219E4F82D0071F3A3 /* main.m in Sources */,
				DADC8CA119E6463C0071F3A3 /* FriendsVC.m in Sources */,
			);
			runOnlyForDeploymentPostprocessing = 0;
		};
		DADC8C7119E4F82D0071F3A3 /* Sources */ = {
			isa = PBXSourcesBuildPhase;
			buildActionMask = 2147483647;
			files = (
				DADC8C7C19E4F82D0071F3A3 /* SecondAppTests.m in Sources */,
			);
			runOnlyForDeploymentPostprocessing = 0;
		};
/* End PBXSourcesBuildPhase section */

/* Begin PBXTargetDependency section */
		DADC8C7719E4F82D0071F3A3 /* PBXTargetDependency */ = {
			isa = PBXTargetDependency;
			target = DADC8C5B19E4F82D0071F3A3 /* SecondApp */;
			targetProxy = DADC8C7619E4F82D0071F3A3 /* PBXContainerItemProxy */;
		};
/* End PBXTargetDependency section */

/* Begin PBXVariantGroup section */
		DADC8C6919E4F82D0071F3A3 /* Main.storyboard */ = {
			isa = PBXVariantGroup;
			children = (
				DADC8C6A19E4F82D0071F3A3 /* Base */,
			);
			name = Main.storyboard;
			sourceTree = "<group>";
		};
		DADC8C6E19E4F82D0071F3A3 /* LaunchScreen.xib */ = {
			isa = PBXVariantGroup;
			children = (
				DADC8C6F19E4F82D0071F3A3 /* Base */,
			);
			name = LaunchScreen.xib;
			sourceTree = "<group>";
		};
/* End PBXVariantGroup section */

/* Begin XCBuildConfiguration section */
		DADC8C7D19E4F82D0071F3A3 /* Debug */ = {
			isa = XCBuildConfiguration;
			buildSettings = {
				ALWAYS_SEARCH_USER_PATHS = NO;
				CLANG_CXX_LANGUAGE_STANDARD = "gnu++0x";
				CLANG_CXX_LIBRARY = "libc++";
				CLANG_ENABLE_MODULES = YES;
				CLANG_ENABLE_OBJC_ARC = YES;
				CLANG_WARN_BOOL_CONVERSION = YES;
				CLANG_WARN_CONSTANT_CONVERSION = YES;
				CLANG_WARN_DIRECT_OBJC_ISA_USAGE = YES_ERROR;
				CLANG_WARN_EMPTY_BODY = YES;
				CLANG_WARN_ENUM_CONVERSION = YES;
				CLANG_WARN_INT_CONVERSION = YES;
				CLANG_WARN_OBJC_ROOT_CLASS = YES_ERROR;
				CLANG_WARN_UNREACHABLE_CODE = YES;
				CLANG_WARN__DUPLICATE_METHOD_MATCH = YES;
				"CODE_SIGN_IDENTITY[sdk=iphoneos*]" = "iPhone Developer";
				COPY_PHASE_STRIP = NO;
				ENABLE_STRICT_OBJC_MSGSEND = YES;
				GCC_C_LANGUAGE_STANDARD = gnu99;
				GCC_DYNAMIC_NO_PIC = NO;
				GCC_OPTIMIZATION_LEVEL = 0;
				GCC_PREPROCESSOR_DEFINITIONS = (
					"DEBUG=1",
					"$(inherited)",
				);
				GCC_SYMBOLS_PRIVATE_EXTERN = NO;
				GCC_WARN_64_TO_32_BIT_CONVERSION = YES;
				GCC_WARN_ABOUT_RETURN_TYPE = YES_ERROR;
				GCC_WARN_UNDECLARED_SELECTOR = YES;
				GCC_WARN_UNINITIALIZED_AUTOS = YES_AGGRESSIVE;
				GCC_WARN_UNUSED_FUNCTION = YES;
				GCC_WARN_UNUSED_VARIABLE = YES;
				IPHONEOS_DEPLOYMENT_TARGET = 8.0;
				MTL_ENABLE_DEBUG_INFO = YES;
				ONLY_ACTIVE_ARCH = YES;
				SDKROOT = iphoneos;
			};
			name = Debug;
		};
		DADC8C7E19E4F82D0071F3A3 /* Release */ = {
			isa = XCBuildConfiguration;
			buildSettings = {
				ALWAYS_SEARCH_USER_PATHS = NO;
				CLANG_CXX_LANGUAGE_STANDARD = "gnu++0x";
				CLANG_CXX_LIBRARY = "libc++";
				CLANG_ENABLE_MODULES = YES;
				CLANG_ENABLE_OBJC_ARC = YES;
				CLANG_WARN_BOOL_CONVERSION = YES;
				CLANG_WARN_CONSTANT_CONVERSION = YES;
				CLANG_WARN_DIRECT_OBJC_ISA_USAGE = YES_ERROR;
				CLANG_WARN_EMPTY_BODY = YES;
				CLANG_WARN_ENUM_CONVERSION = YES;
				CLANG_WARN_INT_CONVERSION = YES;
				CLANG_WARN_OBJC_ROOT_CLASS = YES_ERROR;
				CLANG_WARN_UNREACHABLE_CODE = YES;
				CLANG_WARN__DUPLICATE_METHOD_MATCH = YES;
				"CODE_SIGN_IDENTITY[sdk=iphoneos*]" = "iPhone Developer";
				COPY_PHASE_STRIP = YES;
				ENABLE_NS_ASSERTIONS = NO;
				ENABLE_STRICT_OBJC_MSGSEND = YES;
				GCC_C_LANGUAGE_STANDARD = gnu99;
				GCC_WARN_64_TO_32_BIT_CONVERSION = YES;
				GCC_WARN_ABOUT_RETURN_TYPE = YES_ERROR;
				GCC_WARN_UNDECLARED_SELECTOR = YES;
				GCC_WARN_UNINITIALIZED_AUTOS = YES_AGGRESSIVE;
				GCC_WARN_UNUSED_FUNCTION = YES;
				GCC_WARN_UNUSED_VARIABLE = YES;
				IPHONEOS_DEPLOYMENT_TARGET = 8.0;
				MTL_ENABLE_DEBUG_INFO = NO;
				SDKROOT = iphoneos;
				VALIDATE_PRODUCT = YES;
			};
			name = Release;
		};
		DADC8C8019E4F82D0071F3A3 /* Debug */ = {
			isa = XCBuildConfiguration;
			buildSettings = {
				ASSETCATALOG_COMPILER_APPICON_NAME = AppIcon;
				ASSETCATALOG_COMPILER_LAUNCHIMAGE_NAME = LaunchImage;
				CODE_SIGN_IDENTITY = "iPhone Developer";
				"CODE_SIGN_IDENTITY[sdk=iphoneos*]" = "iPhone Developer";
				INFOPLIST_FILE = SecondApp/Info.plist;
				IPHONEOS_DEPLOYMENT_TARGET = 7.1;
				LD_RUNPATH_SEARCH_PATHS = "$(inherited) @executable_path/Frameworks";
				PRODUCT_NAME = "$(TARGET_NAME)";
				PROVISIONING_PROFILE = "";
				TARGETED_DEVICE_FAMILY = 1;
			};
			name = Debug;
		};
		DADC8C8119E4F82D0071F3A3 /* Release */ = {
			isa = XCBuildConfiguration;
			buildSettings = {
				ASSETCATALOG_COMPILER_APPICON_NAME = AppIcon;
				ASSETCATALOG_COMPILER_LAUNCHIMAGE_NAME = LaunchImage;
				CODE_SIGN_IDENTITY = "iPhone Developer";
				"CODE_SIGN_IDENTITY[sdk=iphoneos*]" = "iPhone Developer";
				INFOPLIST_FILE = SecondApp/Info.plist;
				IPHONEOS_DEPLOYMENT_TARGET = 7.1;
				LD_RUNPATH_SEARCH_PATHS = "$(inherited) @executable_path/Frameworks";
				PRODUCT_NAME = "$(TARGET_NAME)";
				PROVISIONING_PROFILE = "";
				TARGETED_DEVICE_FAMILY = 1;
			};
			name = Release;
		};
		DADC8C8319E4F82D0071F3A3 /* Debug */ = {
			isa = XCBuildConfiguration;
			buildSettings = {
				BUNDLE_LOADER = "$(TEST_HOST)";
				FRAMEWORK_SEARCH_PATHS = (
					"$(SDKROOT)/Developer/Library/Frameworks",
					"$(inherited)",
				);
				GCC_PREPROCESSOR_DEFINITIONS = (
					"DEBUG=1",
					"$(inherited)",
				);
				INFOPLIST_FILE = SecondAppTests/Info.plist;
				LD_RUNPATH_SEARCH_PATHS = "$(inherited) @executable_path/Frameworks @loader_path/Frameworks";
				PRODUCT_NAME = "$(TARGET_NAME)";
				TEST_HOST = "$(BUILT_PRODUCTS_DIR)/SecondApp.app/SecondApp";
			};
			name = Debug;
		};
		DADC8C8419E4F82D0071F3A3 /* Release */ = {
			isa = XCBuildConfiguration;
			buildSettings = {
				BUNDLE_LOADER = "$(TEST_HOST)";
				FRAMEWORK_SEARCH_PATHS = (
					"$(SDKROOT)/Developer/Library/Frameworks",
					"$(inherited)",
				);
				INFOPLIST_FILE = SecondAppTests/Info.plist;
				LD_RUNPATH_SEARCH_PATHS = "$(inherited) @executable_path/Frameworks @loader_path/Frameworks";
				PRODUCT_NAME = "$(TARGET_NAME)";
				TEST_HOST = "$(BUILT_PRODUCTS_DIR)/SecondApp.app/SecondApp";
			};
			name = Release;
		};
/* End XCBuildConfiguration section */

/* Begin XCConfigurationList section */
		DADC8C5719E4F82D0071F3A3 /* Build configuration list for PBXProject "SecondApp" */ = {
			isa = XCConfigurationList;
			buildConfigurations = (
				DADC8C7D19E4F82D0071F3A3 /* Debug */,
				DADC8C7E19E4F82D0071F3A3 /* Release */,
			);
			defaultConfigurationIsVisible = 0;
			defaultConfigurationName = Release;
		};
		DADC8C7F19E4F82D0071F3A3 /* Build configuration list for PBXNativeTarget "SecondApp" */ = {
			isa = XCConfigurationList;
			buildConfigurations = (
				DADC8C8019E4F82D0071F3A3 /* Debug */,
				DADC8C8119E4F82D0071F3A3 /* Release */,
			);
			defaultConfigurationIsVisible = 0;
			defaultConfigurationName = Release;
		};
		DADC8C8219E4F82D0071F3A3 /* Build configuration list for PBXNativeTarget "SecondAppTests" */ = {
			isa = XCConfigurationList;
			buildConfigurations = (
				DADC8C8319E4F82D0071F3A3 /* Debug */,
				DADC8C8419E4F82D0071F3A3 /* Release */,
			);
			defaultConfigurationIsVisible = 0;
			defaultConfigurationName = Release;
		};
/* End XCConfigurationList section */
	};
	rootObject = DADC8C5419E4F82D0071F3A3 /* Project object */;
}
